PODS:
  - ChameleonFramework/Default (2.1.0)
  - ChameleonFramework/Swift (2.1.0):
    - ChameleonFramework/Default
  - Realm (3.7.3):
    - Realm/Headers (= 3.7.3)
  - Realm/Headers (3.7.3)
  - RealmSwift (3.7.3):
    - Realm (= 3.7.3)
  - SwipeCellKit (2.4.3)

DEPENDENCIES:
  - ChameleonFramework/Swift (from `https://github.com/ViccAlexander/Chameleon.git`)
  - RealmSwift
  - SwipeCellKit

SPEC REPOS:
  https://github.com/cocoapods/specs.git:
    - Realm
    - RealmSwift
    - SwipeCellKit

EXTERNAL SOURCES:
  ChameleonFramework:
    :git: https://github.com/ViccAlexander/Chameleon.git

CHECKOUT OPTIONS:
  ChameleonFramework:
    :commit: 6dd284bde21ea2e7f9fd89bc36f40df16e16369d
    :git: https://github.com/ViccAlexander/Chameleon.git

SPEC CHECKSUMS:
  ChameleonFramework: d21a3cc247abfe5e37609a283a8238b03575cf64
  Realm: f366e954e3330d4915a319e96cc04e2ee09a9ef2
  RealmSwift: 56f111b1dd439973fbe1c066b067ac4702285441
  SwipeCellKit: cee9906e6d3a36e22ad1a852fba7f8fa0839d113

PODFILE CHECKSUM: afd74e1ab287796a3aa54bb368fac7fa201291a9

COCOAPODS: 1.5.3
